{
  "nodes": {
    "atom": {
      "locked": {
        "lastModified": 1736785437,
        "narHash": "sha256-i4t8MVbxfgyHlE4smn1XHctexdOJ+RnhDuX9fUyk2uk=",
        "owner": "LiGoldragon",
        "repo": "atom",
        "rev": "9bc7ed2159e7eb88ff44c1c706d015e8c37a00a2",
        "type": "github"
      },
      "original": {
        "owner": "LiGoldragon",
        "repo": "atom",
        "type": "github"
      }
    },
    "atom_2": {
      "locked": {
        "lastModified": 1738074245,
        "narHash": "sha256-TjhK4ANg4HdEF5lxrPasT5lAbwjZDYU2ItE060FJDUI=",
        "owner": "LiGoldragon",
        "repo": "atom",
        "rev": "92bd86713fa141a70e612ab6f53aa7269065ee7d",
        "type": "github"
      },
      "original": {
        "owner": "LiGoldragon",
        "repo": "atom",
        "type": "github"
      }
    },
    "flake-atom": {
      "inputs": {
        "atom": "atom_2",
        "lib": "lib",
        "nixpkgs": [
          "nixpkgs"
        ],
        "nixpkgs-atom": [
          "nixpkgs-atom"
        ]
      },
      "locked": {
        "lastModified": 1,
        "narHash": "sha256-qBi/PcpZFMTEjoebZ2YcEnGq5ekw2mi2gYmFumyz7Yo=",
        "path": "/nix/store/kjfsdk07fiihnqfncrr8s545j9qqi94s-source/flake-atom",
        "type": "path"
      },
      "original": {
        "path": "/nix/store/kjfsdk07fiihnqfncrr8s545j9qqi94s-source/flake-atom",
        "type": "path"
      }
    },
    "flake-compat": {
      "flake": false,
      "locked": {
        "lastModified": 1733328505,
        "narHash": "sha256-NeCCThCEP3eCl2l/+27kNNK7QrwZB1IJCrXfrbv5oqU=",
        "owner": "edolstra",
        "repo": "flake-compat",
        "rev": "ff81ac966bb2cae68946d5ed5fc4994f96d0ffec",
        "type": "github"
      },
      "original": {
        "owner": "edolstra",
        "repo": "flake-compat",
        "type": "github"
      }
    },
    "lib": {
      "locked": {
        "lastModified": 1736643958,
        "narHash": "sha256-tmpqTSWVRJVhpvfSN9KXBvKEXplrwKnSZNAoNPf/S/s=",
        "owner": "nix-community",
        "repo": "nixpkgs.lib",
        "rev": "1418bc28a52126761c02dd3d89b2d8ca0f521181",
        "type": "github"
      },
      "original": {
        "owner": "nix-community",
        "repo": "nixpkgs.lib",
        "type": "github"
      }
    },
    "lib_2": {
      "locked": {
        "lastModified": 1736643958,
        "narHash": "sha256-tmpqTSWVRJVhpvfSN9KXBvKEXplrwKnSZNAoNPf/S/s=",
        "owner": "nix-community",
        "repo": "nixpkgs.lib",
        "rev": "1418bc28a52126761c02dd3d89b2d8ca0f521181",
        "type": "github"
      },
      "original": {
        "owner": "nix-community",
        "repo": "nixpkgs.lib",
        "type": "github"
      }
    },
    "nixpkgs": {
      "locked": {
        "lastModified": 1734649271,
        "narHash": "sha256-4EVBRhOjMDuGtMaofAIqzJbg4Ql7Ai0PSeuVZTHjyKQ=",
        "owner": "NixOS",
        "repo": "nixpkgs",
        "rev": "d70bd19e0a38ad4790d3913bf08fcbfc9eeca507",
        "type": "github"
      },
      "original": {
        "owner": "NixOS",
        "ref": "nixos-unstable",
        "repo": "nixpkgs",
        "type": "github"
      }
    },
    "nixpkgs-atom": {
      "flake": false,
      "locked": {
        "lastModified": 1737809855,
        "narHash": "sha256-Dhjm5YGBCFk1Ur4Yx4cx3P7O5/D3KPPEE7F88obuVKI=",
        "owner": "criome",
        "repo": "nixpkgs-atom",
        "rev": "4e7f389cf322ace5a280d4661748fcf62282da96",
        "type": "github"
      },
      "original": {
        "owner": "criome",
        "repo": "nixpkgs-atom",
        "type": "github"
      }
    },
    "root": {
      "inputs": {
        "atom": "atom",
        "flake-atom": "flake-atom",
        "flake-compat": "flake-compat",
        "lib": "lib_2",
        "nixpkgs": "nixpkgs",
        "nixpkgs-atom": "nixpkgs-atom"
      }
    }
  },
  "root": "root",
  "version": 7
}
