{
  "nodes": {
    "atom": {
      "locked": {
        "lastModified": 1735862354,
        "narHash": "sha256-quLwGTZsL8hf0Nfu29Xbo85tmVi0GhkYt+RfkuA0xt0=",
        "owner": "LiGoldragon",
        "repo": "atom",
        "rev": "911e0df920258e7432e87bfed36e77fe09b078b7",
        "type": "github"
      },
      "original": {
        "owner": "LiGoldragon",
        "repo": "atom",
        "type": "github"
      }
    },
    "flake-compat": {
      "flake": false,
      "locked": {
        "lastModified": 1733328505,
        "narHash": "sha256-NeCCThCEP3eCl2l/+27kNNK7QrwZB1IJCrXfrbv5oqU=",
        "owner": "edolstra",
        "repo": "flake-compat",
        "rev": "ff81ac966bb2cae68946d5ed5fc4994f96d0ffec",
        "type": "github"
      },
      "original": {
        "owner": "edolstra",
        "repo": "flake-compat",
        "type": "github"
      }
    },
    "lib": {
      "locked": {
        "lastModified": 1735434288,
        "narHash": "sha256-zg9W8r2xBLoWW47mFYzodngQmalqV7abjXncBcwAQZ8=",
        "owner": "nix-community",
        "repo": "nixpkgs.lib",
        "rev": "97ed8d4ba97b1d4858bdc39cdabfdebc623de82b",
        "type": "github"
      },
      "original": {
        "owner": "nix-community",
        "repo": "nixpkgs.lib",
        "type": "github"
      }
    },
    "root": {
      "inputs": {
        "atom": "atom",
        "flake-compat": "flake-compat",
        "lib": "lib"
      }
    }
  },
  "root": "root",
  "version": 7
}
